// !$*UTF8*$!
{
	archiveVersion = 1;
	classes = {
	};
	objectVersion = 50;
	objects = {

/* Begin PBXBuildFile section */
		0440B06E2519D9560001C36E /* 17. 电话号码的字母组合.swift in Sources */ = {isa = PBXBuildFile; fileRef = 0440B06D2519D9560001C36E /* 17. 电话号码的字母组合.swift */; };
		0440B070251AEEC50001C36E /* 18. 四数之和.swift in Sources */ = {isa = PBXBuildFile; fileRef = 0440B06F251AEEC40001C36E /* 18. 四数之和.swift */; };
		0440B072251B466B0001C36E /* 19. 删除链表的倒数第N个节点.swift in Sources */ = {isa = PBXBuildFile; fileRef = 0440B071251B466B0001C36E /* 19. 删除链表的倒数第N个节点.swift */; };
		0440B074251C47F90001C36E /* 20. 有效的括号.swift in Sources */ = {isa = PBXBuildFile; fileRef = 0440B073251C47F90001C36E /* 20. 有效的括号.swift */; };
		0440B076251C80160001C36E /* 21. 合并两个有序链表.swift in Sources */ = {isa = PBXBuildFile; fileRef = 0440B075251C80160001C36E /* 21. 合并两个有序链表.swift */; };
		0440B078251DC1680001C36E /* 22. 括号生成.swift in Sources */ = {isa = PBXBuildFile; fileRef = 0440B077251DC1680001C36E /* 22. 括号生成.swift */; };
		0440B07A251DD2C50001C36E /* 23. 合并K个升序链表.swift in Sources */ = {isa = PBXBuildFile; fileRef = 0440B079251DD2C50001C36E /* 23. 合并K个升序链表.swift */; };
		0440B07C251DEFEC0001C36E /* 24. 两两交换链表中的节点.swift in Sources */ = {isa = PBXBuildFile; fileRef = 0440B07B251DEFEC0001C36E /* 24. 两两交换链表中的节点.swift */; };
		044D5ABF253D25FF00C64ECB /* 32. 最长有效括号.swift in Sources */ = {isa = PBXBuildFile; fileRef = 044D5ABE253D25FF00C64ECB /* 32. 最长有效括号.swift */; };
		044D5AC1253D6CCE00C64ECB /* 33. 搜索旋转排序数组.swift in Sources */ = {isa = PBXBuildFile; fileRef = 044D5AC0253D6CCE00C64ECB /* 33. 搜索旋转排序数组.swift */; };
		044D5AC3253D8AE400C64ECB /* 34. 在排序数组中查找元素的第一个和最后一个位置.swift in Sources */ = {isa = PBXBuildFile; fileRef = 044D5AC2253D8AE400C64ECB /* 34. 在排序数组中查找元素的第一个和最后一个位置.swift */; };
		044D5AC5253D986D00C64ECB /* 35. 搜索插入位置.swift in Sources */ = {isa = PBXBuildFile; fileRef = 044D5AC4253D986D00C64ECB /* 35. 搜索插入位置.swift */; };
		044E90BF250A1E4D00AD89F9 /* 5.最长回文子串.swift in Sources */ = {isa = PBXBuildFile; fileRef = 044E90BE250A1E4D00AD89F9 /* 5.最长回文子串.swift */; };
		044E90C1250B664D00AD89F9 /* 6. Z 字形变换.swift in Sources */ = {isa = PBXBuildFile; fileRef = 044E90C0250B664D00AD89F9 /* 6. Z 字形变换.swift */; };
		0476ACCC25106D09002EAE1D /* 8. 字符串转换整数 (atoi).swift in Sources */ = {isa = PBXBuildFile; fileRef = 0476ACCB25106D09002EAE1D /* 8. 字符串转换整数 (atoi).swift */; };
		0476ACCE2510C1D7002EAE1D /* 9. 回文数.swift in Sources */ = {isa = PBXBuildFile; fileRef = 0476ACCD2510C1D7002EAE1D /* 9. 回文数.swift */; };
		0476ACD02511C510002EAE1D /* 10. 正则表达式匹配.swift in Sources */ = {isa = PBXBuildFile; fileRef = 0476ACCF2511C510002EAE1D /* 10. 正则表达式匹配.swift */; };
		0476ACD225130826002EAE1D /* 11. 盛最多水的容器.swift in Sources */ = {isa = PBXBuildFile; fileRef = 0476ACD125130826002EAE1D /* 11. 盛最多水的容器.swift */; };
		0476ACD425134361002EAE1D /* 12. 整数转罗马数字.swift in Sources */ = {isa = PBXBuildFile; fileRef = 0476ACD325134361002EAE1D /* 12. 整数转罗马数字.swift */; };
		0476ACD6251351DF002EAE1D /* 13. 罗马数字转整数.swift in Sources */ = {isa = PBXBuildFile; fileRef = 0476ACD5251351DF002EAE1D /* 13. 罗马数字转整数.swift */; };
		0476ACD825135C09002EAE1D /* 14. 最长公共前缀.swift in Sources */ = {isa = PBXBuildFile; fileRef = 0476ACD725135C09002EAE1D /* 14. 最长公共前缀.swift */; };
		0476ACDA251495E3002EAE1D /* 15. 三数之和.swift in Sources */ = {isa = PBXBuildFile; fileRef = 0476ACD9251495E3002EAE1D /* 15. 三数之和.swift */; };
		0476ACDC2514B88D002EAE1D /* 16. 最接近的三数之和.swift in Sources */ = {isa = PBXBuildFile; fileRef = 0476ACDB2514B88D002EAE1D /* 16. 最接近的三数之和.swift */; };
		047B1C92250F1E9A00CC1181 /* 7. 整数反转.swift in Sources */ = {isa = PBXBuildFile; fileRef = 047B1C91250F1E9A00CC1181 /* 7. 整数反转.swift */; };
		04806DF92536CFB600940B42 /* 26. 删除排序数组中的重复项.swift in Sources */ = {isa = PBXBuildFile; fileRef = 04806DF82536CFB600940B42 /* 26. 删除排序数组中的重复项.swift */; };
		04806DFB2536DE3700940B42 /* 27. 移除元素.swift in Sources */ = {isa = PBXBuildFile; fileRef = 04806DFA2536DE3700940B42 /* 27. 移除元素.swift */; };
		04806DFD2536E23900940B42 /* 28. 实现 strStr().swift in Sources */ = {isa = PBXBuildFile; fileRef = 04806DFC2536E23900940B42 /* 28. 实现 strStr().swift */; };
		04806DFF2536F27000940B42 /* 29. 两数相除.swift in Sources */ = {isa = PBXBuildFile; fileRef = 04806DFE2536F27000940B42 /* 29. 两数相除.swift */; };
		04806E012538266B00940B42 /* 30. 串联所有单词的子串.swift in Sources */ = {isa = PBXBuildFile; fileRef = 04806E002538266B00940B42 /* 30. 串联所有单词的子串.swift */; };
		04806E032538436700940B42 /* 31. 下一个排列.swift in Sources */ = {isa = PBXBuildFile; fileRef = 04806E022538436700940B42 /* 31. 下一个排列.swift */; };
		04A195F5250610050037EEE2 /* AppDelegate.swift in Sources */ = {isa = PBXBuildFile; fileRef = 04A195F4250610050037EEE2 /* AppDelegate.swift */; };
		04A195F7250610050037EEE2 /* ViewController.swift in Sources */ = {isa = PBXBuildFile; fileRef = 04A195F6250610050037EEE2 /* ViewController.swift */; };
		04A195FA250610050037EEE2 /* Main.storyboard in Resources */ = {isa = PBXBuildFile; fileRef = 04A195F8250610050037EEE2 /* Main.storyboard */; };
		04A195FC250610080037EEE2 /* Assets.xcassets in Resources */ = {isa = PBXBuildFile; fileRef = 04A195FB250610080037EEE2 /* Assets.xcassets */; };
		04A195FF250610080037EEE2 /* LaunchScreen.storyboard in Resources */ = {isa = PBXBuildFile; fileRef = 04A195FD250610080037EEE2 /* LaunchScreen.storyboard */; };
		04A1960A250610080037EEE2 /* LetcodeDemoTests.swift in Sources */ = {isa = PBXBuildFile; fileRef = 04A19609250610080037EEE2 /* LetcodeDemoTests.swift */; };
		04A19615250610080037EEE2 /* LetcodeDemoUITests.swift in Sources */ = {isa = PBXBuildFile; fileRef = 04A19614250610080037EEE2 /* LetcodeDemoUITests.swift */; };
		04A19623250611100037EEE2 /* LRU.swift in Sources */ = {isa = PBXBuildFile; fileRef = 04A19622250611100037EEE2 /* LRU.swift */; };
		04A19625250771630037EEE2 /* 2.2个数相加.swift in Sources */ = {isa = PBXBuildFile; fileRef = 04A19624250771630037EEE2 /* 2.2个数相加.swift */; };
		04A1962725077C380037EEE2 /* 1.两数之和.swift in Sources */ = {isa = PBXBuildFile; fileRef = 04A1962625077C380037EEE2 /* 1.两数之和.swift */; };
		04A19629250786C70037EEE2 /* 3.无重复字符的最长子串.swift in Sources */ = {isa = PBXBuildFile; fileRef = 04A19628250786C70037EEE2 /* 3.无重复字符的最长子串.swift */; };
		04A1962B2508C7440037EEE2 /* 4.寻找两个正序数组的中位数.swift in Sources */ = {isa = PBXBuildFile; fileRef = 04A1962A2508C7440037EEE2 /* 4.寻找两个正序数组的中位数.swift */; };
		04C75252253461F800B52C03 /* 25. K 个一组翻转链表.swift in Sources */ = {isa = PBXBuildFile; fileRef = 04C75251253461F800B52C03 /* 25. K 个一组翻转链表.swift */; };
/* End PBXBuildFile section */

/* Begin PBXContainerItemProxy section */
		04A19606250610080037EEE2 /* PBXContainerItemProxy */ = {
			isa = PBXContainerItemProxy;
			containerPortal = 04A195E9250610050037EEE2 /* Project object */;
			proxyType = 1;
			remoteGlobalIDString = 04A195F0250610050037EEE2;
			remoteInfo = LetcodeDemo;
		};
		04A19611250610080037EEE2 /* PBXContainerItemProxy */ = {
			isa = PBXContainerItemProxy;
			containerPortal = 04A195E9250610050037EEE2 /* Project object */;
			proxyType = 1;
			remoteGlobalIDString = 04A195F0250610050037EEE2;
			remoteInfo = LetcodeDemo;
		};
/* End PBXContainerItemProxy section */

/* Begin PBXFileReference section */
		0440B06D2519D9560001C36E /* 17. 电话号码的字母组合.swift */ = {isa = PBXFileReference; lastKnownFileType = sourcecode.swift; path = "17. 电话号码的字母组合.swift"; sourceTree = "<group>"; };
		0440B06F251AEEC40001C36E /* 18. 四数之和.swift */ = {isa = PBXFileReference; lastKnownFileType = sourcecode.swift; path = "18. 四数之和.swift"; sourceTree = "<group>"; };
		0440B071251B466B0001C36E /* 19. 删除链表的倒数第N个节点.swift */ = {isa = PBXFileReference; lastKnownFileType = sourcecode.swift; path = "19. 删除链表的倒数第N个节点.swift"; sourceTree = "<group>"; };
		0440B073251C47F90001C36E /* 20. 有效的括号.swift */ = {isa = PBXFileReference; lastKnownFileType = sourcecode.swift; path = "20. 有效的括号.swift"; sourceTree = "<group>"; };
		0440B075251C80160001C36E /* 21. 合并两个有序链表.swift */ = {isa = PBXFileReference; lastKnownFileType = sourcecode.swift; path = "21. 合并两个有序链表.swift"; sourceTree = "<group>"; };
		0440B077251DC1680001C36E /* 22. 括号生成.swift */ = {isa = PBXFileReference; lastKnownFileType = sourcecode.swift; path = "22. 括号生成.swift"; sourceTree = "<group>"; };
		0440B079251DD2C50001C36E /* 23. 合并K个升序链表.swift */ = {isa = PBXFileReference; lastKnownFileType = sourcecode.swift; path = "23. 合并K个升序链表.swift"; sourceTree = "<group>"; };
		0440B07B251DEFEC0001C36E /* 24. 两两交换链表中的节点.swift */ = {isa = PBXFileReference; lastKnownFileType = sourcecode.swift; path = "24. 两两交换链表中的节点.swift"; sourceTree = "<group>"; };
		044D5ABE253D25FF00C64ECB /* 32. 最长有效括号.swift */ = {isa = PBXFileReference; lastKnownFileType = sourcecode.swift; path = "32. 最长有效括号.swift"; sourceTree = "<group>"; };
		044D5AC0253D6CCE00C64ECB /* 33. 搜索旋转排序数组.swift */ = {isa = PBXFileReference; lastKnownFileType = sourcecode.swift; path = "33. 搜索旋转排序数组.swift"; sourceTree = "<group>"; };
		044D5AC2253D8AE400C64ECB /* 34. 在排序数组中查找元素的第一个和最后一个位置.swift */ = {isa = PBXFileReference; lastKnownFileType = sourcecode.swift; path = "34. 在排序数组中查找元素的第一个和最后一个位置.swift"; sourceTree = "<group>"; };
		044D5AC4253D986D00C64ECB /* 35. 搜索插入位置.swift */ = {isa = PBXFileReference; lastKnownFileType = sourcecode.swift; path = "35. 搜索插入位置.swift"; sourceTree = "<group>"; };
		044E90BE250A1E4D00AD89F9 /* 5.最长回文子串.swift */ = {isa = PBXFileReference; lastKnownFileType = sourcecode.swift; path = "5.最长回文子串.swift"; sourceTree = "<group>"; };
		044E90C0250B664D00AD89F9 /* 6. Z 字形变换.swift */ = {isa = PBXFileReference; lastKnownFileType = sourcecode.swift; path = "6. Z 字形变换.swift"; sourceTree = "<group>"; };
		0476ACCB25106D09002EAE1D /* 8. 字符串转换整数 (atoi).swift */ = {isa = PBXFileReference; lastKnownFileType = sourcecode.swift; path = "8. 字符串转换整数 (atoi).swift"; sourceTree = "<group>"; };
		0476ACCD2510C1D7002EAE1D /* 9. 回文数.swift */ = {isa = PBXFileReference; lastKnownFileType = sourcecode.swift; path = "9. 回文数.swift"; sourceTree = "<group>"; };
		0476ACCF2511C510002EAE1D /* 10. 正则表达式匹配.swift */ = {isa = PBXFileReference; lastKnownFileType = sourcecode.swift; path = "10. 正则表达式匹配.swift"; sourceTree = "<group>"; };
		0476ACD125130826002EAE1D /* 11. 盛最多水的容器.swift */ = {isa = PBXFileReference; lastKnownFileType = sourcecode.swift; path = "11. 盛最多水的容器.swift"; sourceTree = "<group>"; };
		0476ACD325134361002EAE1D /* 12. 整数转罗马数字.swift */ = {isa = PBXFileReference; lastKnownFileType = sourcecode.swift; path = "12. 整数转罗马数字.swift"; sourceTree = "<group>"; };
		0476ACD5251351DF002EAE1D /* 13. 罗马数字转整数.swift */ = {isa = PBXFileReference; lastKnownFileType = sourcecode.swift; path = "13. 罗马数字转整数.swift"; sourceTree = "<group>"; };
		0476ACD725135C09002EAE1D /* 14. 最长公共前缀.swift */ = {isa = PBXFileReference; lastKnownFileType = sourcecode.swift; path = "14. 最长公共前缀.swift"; sourceTree = "<group>"; };
		0476ACD9251495E3002EAE1D /* 15. 三数之和.swift */ = {isa = PBXFileReference; lastKnownFileType = sourcecode.swift; path = "15. 三数之和.swift"; sourceTree = "<group>"; };
		0476ACDB2514B88D002EAE1D /* 16. 最接近的三数之和.swift */ = {isa = PBXFileReference; lastKnownFileType = sourcecode.swift; path = "16. 最接近的三数之和.swift"; sourceTree = "<group>"; };
		047B1C91250F1E9A00CC1181 /* 7. 整数反转.swift */ = {isa = PBXFileReference; lastKnownFileType = sourcecode.swift; path = "7. 整数反转.swift"; sourceTree = "<group>"; };
		04806DF82536CFB600940B42 /* 26. 删除排序数组中的重复项.swift */ = {isa = PBXFileReference; lastKnownFileType = sourcecode.swift; path = "26. 删除排序数组中的重复项.swift"; sourceTree = "<group>"; };
		04806DFA2536DE3700940B42 /* 27. 移除元素.swift */ = {isa = PBXFileReference; lastKnownFileType = sourcecode.swift; path = "27. 移除元素.swift"; sourceTree = "<group>"; };
		04806DFC2536E23900940B42 /* 28. 实现 strStr().swift */ = {isa = PBXFileReference; lastKnownFileType = sourcecode.swift; path = "28. 实现 strStr().swift"; sourceTree = "<group>"; };
		04806DFE2536F27000940B42 /* 29. 两数相除.swift */ = {isa = PBXFileReference; lastKnownFileType = sourcecode.swift; path = "29. 两数相除.swift"; sourceTree = "<group>"; };
		04806E002538266B00940B42 /* 30. 串联所有单词的子串.swift */ = {isa = PBXFileReference; lastKnownFileType = sourcecode.swift; path = "30. 串联所有单词的子串.swift"; sourceTree = "<group>"; };
		04806E022538436700940B42 /* 31. 下一个排列.swift */ = {isa = PBXFileReference; lastKnownFileType = sourcecode.swift; path = "31. 下一个排列.swift"; sourceTree = "<group>"; };
		04A195F1250610050037EEE2 /* LetcodeDemo.app */ = {isa = PBXFileReference; explicitFileType = wrapper.application; includeInIndex = 0; path = LetcodeDemo.app; sourceTree = BUILT_PRODUCTS_DIR; };
		04A195F4250610050037EEE2 /* AppDelegate.swift */ = {isa = PBXFileReference; lastKnownFileType = sourcecode.swift; path = AppDelegate.swift; sourceTree = "<group>"; };
		04A195F6250610050037EEE2 /* ViewController.swift */ = {isa = PBXFileReference; lastKnownFileType = sourcecode.swift; path = ViewController.swift; sourceTree = "<group>"; };
		04A195F9250610050037EEE2 /* Base */ = {isa = PBXFileReference; lastKnownFileType = file.storyboard; name = Base; path = Base.lproj/Main.storyboard; sourceTree = "<group>"; };
		04A195FB250610080037EEE2 /* Assets.xcassets */ = {isa = PBXFileReference; lastKnownFileType = folder.assetcatalog; path = Assets.xcassets; sourceTree = "<group>"; };
		04A195FE250610080037EEE2 /* Base */ = {isa = PBXFileReference; lastKnownFileType = file.storyboard; name = Base; path = Base.lproj/LaunchScreen.storyboard; sourceTree = "<group>"; };
		04A19600250610080037EEE2 /* Info.plist */ = {isa = PBXFileReference; lastKnownFileType = text.plist.xml; path = Info.plist; sourceTree = "<group>"; };
		04A19605250610080037EEE2 /* LetcodeDemoTests.xctest */ = {isa = PBXFileReference; explicitFileType = wrapper.cfbundle; includeInIndex = 0; path = LetcodeDemoTests.xctest; sourceTree = BUILT_PRODUCTS_DIR; };
		04A19609250610080037EEE2 /* LetcodeDemoTests.swift */ = {isa = PBXFileReference; lastKnownFileType = sourcecode.swift; path = LetcodeDemoTests.swift; sourceTree = "<group>"; };
		04A1960B250610080037EEE2 /* Info.plist */ = {isa = PBXFileReference; lastKnownFileType = text.plist.xml; path = Info.plist; sourceTree = "<group>"; };
		04A19610250610080037EEE2 /* LetcodeDemoUITests.xctest */ = {isa = PBXFileReference; explicitFileType = wrapper.cfbundle; includeInIndex = 0; path = LetcodeDemoUITests.xctest; sourceTree = BUILT_PRODUCTS_DIR; };
		04A19614250610080037EEE2 /* LetcodeDemoUITests.swift */ = {isa = PBXFileReference; lastKnownFileType = sourcecode.swift; path = LetcodeDemoUITests.swift; sourceTree = "<group>"; };
		04A19616250610080037EEE2 /* Info.plist */ = {isa = PBXFileReference; lastKnownFileType = text.plist.xml; path = Info.plist; sourceTree = "<group>"; };
		04A19622250611100037EEE2 /* LRU.swift */ = {isa = PBXFileReference; lastKnownFileType = sourcecode.swift; path = LRU.swift; sourceTree = "<group>"; };
		04A19624250771630037EEE2 /* 2.2个数相加.swift */ = {isa = PBXFileReference; lastKnownFileType = sourcecode.swift; path = "2.2个数相加.swift"; sourceTree = "<group>"; };
		04A1962625077C380037EEE2 /* 1.两数之和.swift */ = {isa = PBXFileReference; lastKnownFileType = sourcecode.swift; path = "1.两数之和.swift"; sourceTree = "<group>"; };
		04A19628250786C70037EEE2 /* 3.无重复字符的最长子串.swift */ = {isa = PBXFileReference; lastKnownFileType = sourcecode.swift; path = "3.无重复字符的最长子串.swift"; sourceTree = "<group>"; };
		04A1962A2508C7440037EEE2 /* 4.寻找两个正序数组的中位数.swift */ = {isa = PBXFileReference; lastKnownFileType = sourcecode.swift; path = "4.寻找两个正序数组的中位数.swift"; sourceTree = "<group>"; };
		04C75251253461F800B52C03 /* 25. K 个一组翻转链表.swift */ = {isa = PBXFileReference; lastKnownFileType = sourcecode.swift; path = "25. K 个一组翻转链表.swift"; sourceTree = "<group>"; };
/* End PBXFileReference section */

/* Begin PBXFrameworksBuildPhase section */
		04A195EE250610050037EEE2 /* Frameworks */ = {
			isa = PBXFrameworksBuildPhase;
			buildActionMask = 2147483647;
			files = (
			);
			runOnlyForDeploymentPostprocessing = 0;
		};
		04A19602250610080037EEE2 /* Frameworks */ = {
			isa = PBXFrameworksBuildPhase;
			buildActionMask = 2147483647;
			files = (
			);
			runOnlyForDeploymentPostprocessing = 0;
		};
		04A1960D250610080037EEE2 /* Frameworks */ = {
			isa = PBXFrameworksBuildPhase;
			buildActionMask = 2147483647;
			files = (
			);
			runOnlyForDeploymentPostprocessing = 0;
		};
/* End PBXFrameworksBuildPhase section */

/* Begin PBXGroup section */
		04A195E8250610050037EEE2 = {
			isa = PBXGroup;
			children = (
				04A195F3250610050037EEE2 /* LetcodeDemo */,
				04A19608250610080037EEE2 /* LetcodeDemoTests */,
				04A19613250610080037EEE2 /* LetcodeDemoUITests */,
				04A195F2250610050037EEE2 /* Products */,
			);
			sourceTree = "<group>";
		};
		04A195F2250610050037EEE2 /* Products */ = {
			isa = PBXGroup;
			children = (
				04A195F1250610050037EEE2 /* LetcodeDemo.app */,
				04A19605250610080037EEE2 /* LetcodeDemoTests.xctest */,
				04A19610250610080037EEE2 /* LetcodeDemoUITests.xctest */,
			);
			name = Products;
			sourceTree = "<group>";
		};
		04A195F3250610050037EEE2 /* LetcodeDemo */ = {
			isa = PBXGroup;
			children = (
				04A195F4250610050037EEE2 /* AppDelegate.swift */,
				04A195F6250610050037EEE2 /* ViewController.swift */,
				04A19622250611100037EEE2 /* LRU.swift */,
				04A1962625077C380037EEE2 /* 1.两数之和.swift */,
				04A19624250771630037EEE2 /* 2.2个数相加.swift */,
				04A19628250786C70037EEE2 /* 3.无重复字符的最长子串.swift */,
				04A1962A2508C7440037EEE2 /* 4.寻找两个正序数组的中位数.swift */,
				044E90BE250A1E4D00AD89F9 /* 5.最长回文子串.swift */,
				044E90C0250B664D00AD89F9 /* 6. Z 字形变换.swift */,
				047B1C91250F1E9A00CC1181 /* 7. 整数反转.swift */,
				0476ACCB25106D09002EAE1D /* 8. 字符串转换整数 (atoi).swift */,
				0476ACCD2510C1D7002EAE1D /* 9. 回文数.swift */,
				0476ACCF2511C510002EAE1D /* 10. 正则表达式匹配.swift */,
				0476ACD125130826002EAE1D /* 11. 盛最多水的容器.swift */,
				0476ACD325134361002EAE1D /* 12. 整数转罗马数字.swift */,
				0476ACD5251351DF002EAE1D /* 13. 罗马数字转整数.swift */,
				0476ACD725135C09002EAE1D /* 14. 最长公共前缀.swift */,
				0476ACD9251495E3002EAE1D /* 15. 三数之和.swift */,
				0476ACDB2514B88D002EAE1D /* 16. 最接近的三数之和.swift */,
				0440B06D2519D9560001C36E /* 17. 电话号码的字母组合.swift */,
				0440B06F251AEEC40001C36E /* 18. 四数之和.swift */,
				0440B071251B466B0001C36E /* 19. 删除链表的倒数第N个节点.swift */,
				0440B073251C47F90001C36E /* 20. 有效的括号.swift */,
				0440B075251C80160001C36E /* 21. 合并两个有序链表.swift */,
				0440B077251DC1680001C36E /* 22. 括号生成.swift */,
				0440B079251DD2C50001C36E /* 23. 合并K个升序链表.swift */,
				0440B07B251DEFEC0001C36E /* 24. 两两交换链表中的节点.swift */,
				04C75251253461F800B52C03 /* 25. K 个一组翻转链表.swift */,
				04806DF82536CFB600940B42 /* 26. 删除排序数组中的重复项.swift */,
				04806DFA2536DE3700940B42 /* 27. 移除元素.swift */,
				04806DFC2536E23900940B42 /* 28. 实现 strStr().swift */,
				04806DFE2536F27000940B42 /* 29. 两数相除.swift */,
				04806E002538266B00940B42 /* 30. 串联所有单词的子串.swift */,
				04806E022538436700940B42 /* 31. 下一个排列.swift */,
				044D5ABE253D25FF00C64ECB /* 32. 最长有效括号.swift */,
				044D5AC0253D6CCE00C64ECB /* 33. 搜索旋转排序数组.swift */,
				044D5AC2253D8AE400C64ECB /* 34. 在排序数组中查找元素的第一个和最后一个位置.swift */,
				044D5AC4253D986D00C64ECB /* 35. 搜索插入位置.swift */,
				04A195F8250610050037EEE2 /* Main.storyboard */,
				04A195FB250610080037EEE2 /* Assets.xcassets */,
				04A195FD250610080037EEE2 /* LaunchScreen.storyboard */,
				04A19600250610080037EEE2 /* Info.plist */,
			);
			path = LetcodeDemo;
			sourceTree = "<group>";
		};
		04A19608250610080037EEE2 /* LetcodeDemoTests */ = {
			isa = PBXGroup;
			children = (
				04A19609250610080037EEE2 /* LetcodeDemoTests.swift */,
				04A1960B250610080037EEE2 /* Info.plist */,
			);
			path = LetcodeDemoTests;
			sourceTree = "<group>";
		};
		04A19613250610080037EEE2 /* LetcodeDemoUITests */ = {
			isa = PBXGroup;
			children = (
				04A19614250610080037EEE2 /* LetcodeDemoUITests.swift */,
				04A19616250610080037EEE2 /* Info.plist */,
			);
			path = LetcodeDemoUITests;
			sourceTree = "<group>";
		};
/* End PBXGroup section */

/* Begin PBXNativeTarget section */
		04A195F0250610050037EEE2 /* LetcodeDemo */ = {
			isa = PBXNativeTarget;
			buildConfigurationList = 04A19619250610080037EEE2 /* Build configuration list for PBXNativeTarget "LetcodeDemo" */;
			buildPhases = (
				04A195ED250610050037EEE2 /* Sources */,
				04A195EE250610050037EEE2 /* Frameworks */,
				04A195EF250610050037EEE2 /* Resources */,
			);
			buildRules = (
			);
			dependencies = (
			);
			name = LetcodeDemo;
			productName = LetcodeDemo;
			productReference = 04A195F1250610050037EEE2 /* LetcodeDemo.app */;
			productType = "com.apple.product-type.application";
		};
		04A19604250610080037EEE2 /* LetcodeDemoTests */ = {
			isa = PBXNativeTarget;
			buildConfigurationList = 04A1961C250610080037EEE2 /* Build configuration list for PBXNativeTarget "LetcodeDemoTests" */;
			buildPhases = (
				04A19601250610080037EEE2 /* Sources */,
				04A19602250610080037EEE2 /* Frameworks */,
				04A19603250610080037EEE2 /* Resources */,
			);
			buildRules = (
			);
			dependencies = (
				04A19607250610080037EEE2 /* PBXTargetDependency */,
			);
			name = LetcodeDemoTests;
			productName = LetcodeDemoTests;
			productReference = 04A19605250610080037EEE2 /* LetcodeDemoTests.xctest */;
			productType = "com.apple.product-type.bundle.unit-test";
		};
		04A1960F250610080037EEE2 /* LetcodeDemoUITests */ = {
			isa = PBXNativeTarget;
			buildConfigurationList = 04A1961F250610080037EEE2 /* Build configuration list for PBXNativeTarget "LetcodeDemoUITests" */;
			buildPhases = (
				04A1960C250610080037EEE2 /* Sources */,
				04A1960D250610080037EEE2 /* Frameworks */,
				04A1960E250610080037EEE2 /* Resources */,
			);
			buildRules = (
			);
			dependencies = (
				04A19612250610080037EEE2 /* PBXTargetDependency */,
			);
			name = LetcodeDemoUITests;
			productName = LetcodeDemoUITests;
			productReference = 04A19610250610080037EEE2 /* LetcodeDemoUITests.xctest */;
			productType = "com.apple.product-type.bundle.ui-testing";
		};
/* End PBXNativeTarget section */

/* Begin PBXProject section */
		04A195E9250610050037EEE2 /* Project object */ = {
			isa = PBXProject;
			attributes = {
				LastSwiftUpdateCheck = 1030;
				LastUpgradeCheck = 1030;
				ORGANIZATIONNAME = Mac;
				TargetAttributes = {
					04A195F0250610050037EEE2 = {
						CreatedOnToolsVersion = 10.3;
						LastSwiftMigration = 1170;
					};
					04A19604250610080037EEE2 = {
						CreatedOnToolsVersion = 10.3;
						TestTargetID = 04A195F0250610050037EEE2;
					};
					04A1960F250610080037EEE2 = {
						CreatedOnToolsVersion = 10.3;
						TestTargetID = 04A195F0250610050037EEE2;
					};
				};
			};
			buildConfigurationList = 04A195EC250610050037EEE2 /* Build configuration list for PBXProject "LetcodeDemo" */;
			compatibilityVersion = "Xcode 9.3";
			developmentRegion = en;
			hasScannedForEncodings = 0;
			knownRegions = (
				en,
				Base,
			);
			mainGroup = 04A195E8250610050037EEE2;
			productRefGroup = 04A195F2250610050037EEE2 /* Products */;
			projectDirPath = "";
			projectRoot = "";
			targets = (
				04A195F0250610050037EEE2 /* LetcodeDemo */,
				04A19604250610080037EEE2 /* LetcodeDemoTests */,
				04A1960F250610080037EEE2 /* LetcodeDemoUITests */,
			);
		};
/* End PBXProject section */

/* Begin PBXResourcesBuildPhase section */
		04A195EF250610050037EEE2 /* Resources */ = {
			isa = PBXResourcesBuildPhase;
			buildActionMask = 2147483647;
			files = (
				04A195FF250610080037EEE2 /* LaunchScreen.storyboard in Resources */,
				04A195FC250610080037EEE2 /* Assets.xcassets in Resources */,
				04A195FA250610050037EEE2 /* Main.storyboard in Resources */,
			);
			runOnlyForDeploymentPostprocessing = 0;
		};
		04A19603250610080037EEE2 /* Resources */ = {
			isa = PBXResourcesBuildPhase;
			buildActionMask = 2147483647;
			files = (
			);
			runOnlyForDeploymentPostprocessing = 0;
		};
		04A1960E250610080037EEE2 /* Resources */ = {
			isa = PBXResourcesBuildPhase;
			buildActionMask = 2147483647;
			files = (
			);
			runOnlyForDeploymentPostprocessing = 0;
		};
/* End PBXResourcesBuildPhase section */

/* Begin PBXSourcesBuildPhase section */
		04A195ED250610050037EEE2 /* Sources */ = {
			isa = PBXSourcesBuildPhase;
			buildActionMask = 2147483647;
			files = (
				0476ACD825135C09002EAE1D /* 14. 最长公共前缀.swift in Sources */,
				0476ACCC25106D09002EAE1D /* 8. 字符串转换整数 (atoi).swift in Sources */,
				04806DFB2536DE3700940B42 /* 27. 移除元素.swift in Sources */,
				0440B06E2519D9560001C36E /* 17. 电话号码的字母组合.swift in Sources */,
				04A19623250611100037EEE2 /* LRU.swift in Sources */,
				0476ACD225130826002EAE1D /* 11. 盛最多水的容器.swift in Sources */,
				0476ACDC2514B88D002EAE1D /* 16. 最接近的三数之和.swift in Sources */,
				044E90C1250B664D00AD89F9 /* 6. Z 字形变换.swift in Sources */,
				0476ACCE2510C1D7002EAE1D /* 9. 回文数.swift in Sources */,
				0440B076251C80160001C36E /* 21. 合并两个有序链表.swift in Sources */,
				044D5AC3253D8AE400C64ECB /* 34. 在排序数组中查找元素的第一个和最后一个位置.swift in Sources */,
				0440B070251AEEC50001C36E /* 18. 四数之和.swift in Sources */,
				04A195F7250610050037EEE2 /* ViewController.swift in Sources */,
				044D5AC5253D986D00C64ECB /* 35. 搜索插入位置.swift in Sources */,
				0440B072251B466B0001C36E /* 19. 删除链表的倒数第N个节点.swift in Sources */,
				0476ACDA251495E3002EAE1D /* 15. 三数之和.swift in Sources */,
				044D5ABF253D25FF00C64ECB /* 32. 最长有效括号.swift in Sources */,
				04806E012538266B00940B42 /* 30. 串联所有单词的子串.swift in Sources */,
				04806DFD2536E23900940B42 /* 28. 实现 strStr().swift in Sources */,
				04A1962B2508C7440037EEE2 /* 4.寻找两个正序数组的中位数.swift in Sources */,
				0476ACD02511C510002EAE1D /* 10. 正则表达式匹配.swift in Sources */,
				04806DF92536CFB600940B42 /* 26. 删除排序数组中的重复项.swift in Sources */,
				04806DFF2536F27000940B42 /* 29. 两数相除.swift in Sources */,
				0476ACD6251351DF002EAE1D /* 13. 罗马数字转整数.swift in Sources */,
				04A19625250771630037EEE2 /* 2.2个数相加.swift in Sources */,
				044D5AC1253D6CCE00C64ECB /* 33. 搜索旋转排序数组.swift in Sources */,
				044E90BF250A1E4D00AD89F9 /* 5.最长回文子串.swift in Sources */,
				0440B07C251DEFEC0001C36E /* 24. 两两交换链表中的节点.swift in Sources */,
				0440B078251DC1680001C36E /* 22. 括号生成.swift in Sources */,
				0440B07A251DD2C50001C36E /* 23. 合并K个升序链表.swift in Sources */,
				04C75252253461F800B52C03 /* 25. K 个一组翻转链表.swift in Sources */,
				04A19629250786C70037EEE2 /* 3.无重复字符的最长子串.swift in Sources */,
				04A195F5250610050037EEE2 /* AppDelegate.swift in Sources */,
				047B1C92250F1E9A00CC1181 /* 7. 整数反转.swift in Sources */,
				04806E032538436700940B42 /* 31. 下一个排列.swift in Sources */,
				0476ACD425134361002EAE1D /* 12. 整数转罗马数字.swift in Sources */,
				04A1962725077C380037EEE2 /* 1.两数之和.swift in Sources */,
				0440B074251C47F90001C36E /* 20. 有效的括号.swift in Sources */,
			);
			runOnlyForDeploymentPostprocessing = 0;
		};
		04A19601250610080037EEE2 /* Sources */ = {
			isa = PBXSourcesBuildPhase;
			buildActionMask = 2147483647;
			files = (
				04A1960A250610080037EEE2 /* LetcodeDemoTests.swift in Sources */,
			);
			runOnlyForDeploymentPostprocessing = 0;
		};
		04A1960C250610080037EEE2 /* Sources */ = {
			isa = PBXSourcesBuildPhase;
			buildActionMask = 2147483647;
			files = (
				04A19615250610080037EEE2 /* LetcodeDemoUITests.swift in Sources */,
			);
			runOnlyForDeploymentPostprocessing = 0;
		};
/* End PBXSourcesBuildPhase section */

/* Begin PBXTargetDependency section */
		04A19607250610080037EEE2 /* PBXTargetDependency */ = {
			isa = PBXTargetDependency;
			target = 04A195F0250610050037EEE2 /* LetcodeDemo */;
			targetProxy = 04A19606250610080037EEE2 /* PBXContainerItemProxy */;
		};
		04A19612250610080037EEE2 /* PBXTargetDependency */ = {
			isa = PBXTargetDependency;
			target = 04A195F0250610050037EEE2 /* LetcodeDemo */;
			targetProxy = 04A19611250610080037EEE2 /* PBXContainerItemProxy */;
		};
/* End PBXTargetDependency section */

/* Begin PBXVariantGroup section */
		04A195F8250610050037EEE2 /* Main.storyboard */ = {
			isa = PBXVariantGroup;
			children = (
				04A195F9250610050037EEE2 /* Base */,
			);
			name = Main.storyboard;
			sourceTree = "<group>";
		};
		04A195FD250610080037EEE2 /* LaunchScreen.storyboard */ = {
			isa = PBXVariantGroup;
			children = (
				04A195FE250610080037EEE2 /* Base */,
			);
			name = LaunchScreen.storyboard;
			sourceTree = "<group>";
		};
/* End PBXVariantGroup section */

/* Begin XCBuildConfiguration section */
		04A19617250610080037EEE2 /* Debug */ = {
			isa = XCBuildConfiguration;
			buildSettings = {
				ALWAYS_SEARCH_USER_PATHS = NO;
				CLANG_ANALYZER_NONNULL = YES;
				CLANG_ANALYZER_NUMBER_OBJECT_CONVERSION = YES_AGGRESSIVE;
				CLANG_CXX_LANGUAGE_STANDARD = "gnu++14";
				CLANG_CXX_LIBRARY = "libc++";
				CLANG_ENABLE_MODULES = YES;
				CLANG_ENABLE_OBJC_ARC = YES;
				CLANG_ENABLE_OBJC_WEAK = YES;
				CLANG_WARN_BLOCK_CAPTURE_AUTORELEASING = YES;
				CLANG_WARN_BOOL_CONVERSION = YES;
				CLANG_WARN_COMMA = YES;
				CLANG_WARN_CONSTANT_CONVERSION = YES;
				CLANG_WARN_DEPRECATED_OBJC_IMPLEMENTATIONS = YES;
				CLANG_WARN_DIRECT_OBJC_ISA_USAGE = YES_ERROR;
				CLANG_WARN_DOCUMENTATION_COMMENTS = YES;
				CLANG_WARN_EMPTY_BODY = YES;
				CLANG_WARN_ENUM_CONVERSION = YES;
				CLANG_WARN_INFINITE_RECURSION = YES;
				CLANG_WARN_INT_CONVERSION = YES;
				CLANG_WARN_NON_LITERAL_NULL_CONVERSION = YES;
				CLANG_WARN_OBJC_IMPLICIT_RETAIN_SELF = YES;
				CLANG_WARN_OBJC_LITERAL_CONVERSION = YES;
				CLANG_WARN_OBJC_ROOT_CLASS = YES_ERROR;
				CLANG_WARN_RANGE_LOOP_ANALYSIS = YES;
				CLANG_WARN_STRICT_PROTOTYPES = YES;
				CLANG_WARN_SUSPICIOUS_MOVE = YES;
				CLANG_WARN_UNGUARDED_AVAILABILITY = YES_AGGRESSIVE;
				CLANG_WARN_UNREACHABLE_CODE = YES;
				CLANG_WARN__DUPLICATE_METHOD_MATCH = YES;
				CODE_SIGN_IDENTITY = "iPhone Developer";
				COPY_PHASE_STRIP = NO;
				DEBUG_INFORMATION_FORMAT = dwarf;
				ENABLE_STRICT_OBJC_MSGSEND = YES;
				ENABLE_TESTABILITY = YES;
				GCC_C_LANGUAGE_STANDARD = gnu11;
				GCC_DYNAMIC_NO_PIC = NO;
				GCC_NO_COMMON_BLOCKS = YES;
				GCC_OPTIMIZATION_LEVEL = 0;
				GCC_PREPROCESSOR_DEFINITIONS = (
					"DEBUG=1",
					"$(inherited)",
				);
				GCC_WARN_64_TO_32_BIT_CONVERSION = YES;
				GCC_WARN_ABOUT_RETURN_TYPE = YES_ERROR;
				GCC_WARN_UNDECLARED_SELECTOR = YES;
				GCC_WARN_UNINITIALIZED_AUTOS = YES_AGGRESSIVE;
				GCC_WARN_UNUSED_FUNCTION = YES;
				GCC_WARN_UNUSED_VARIABLE = YES;
				IPHONEOS_DEPLOYMENT_TARGET = 12.4;
				MTL_ENABLE_DEBUG_INFO = INCLUDE_SOURCE;
				MTL_FAST_MATH = YES;
				ONLY_ACTIVE_ARCH = YES;
				SDKROOT = iphoneos;
				SWIFT_ACTIVE_COMPILATION_CONDITIONS = DEBUG;
				SWIFT_OPTIMIZATION_LEVEL = "-Onone";
			};
			name = Debug;
		};
		04A19618250610080037EEE2 /* Release */ = {
			isa = XCBuildConfiguration;
			buildSettings = {
				ALWAYS_SEARCH_USER_PATHS = NO;
				CLANG_ANALYZER_NONNULL = YES;
				CLANG_ANALYZER_NUMBER_OBJECT_CONVERSION = YES_AGGRESSIVE;
				CLANG_CXX_LANGUAGE_STANDARD = "gnu++14";
				CLANG_CXX_LIBRARY = "libc++";
				CLANG_ENABLE_MODULES = YES;
				CLANG_ENABLE_OBJC_ARC = YES;
				CLANG_ENABLE_OBJC_WEAK = YES;
				CLANG_WARN_BLOCK_CAPTURE_AUTORELEASING = YES;
				CLANG_WARN_BOOL_CONVERSION = YES;
				CLANG_WARN_COMMA = YES;
				CLANG_WARN_CONSTANT_CONVERSION = YES;
				CLANG_WARN_DEPRECATED_OBJC_IMPLEMENTATIONS = YES;
				CLANG_WARN_DIRECT_OBJC_ISA_USAGE = YES_ERROR;
				CLANG_WARN_DOCUMENTATION_COMMENTS = YES;
				CLANG_WARN_EMPTY_BODY = YES;
				CLANG_WARN_ENUM_CONVERSION = YES;
				CLANG_WARN_INFINITE_RECURSION = YES;
				CLANG_WARN_INT_CONVERSION = YES;
				CLANG_WARN_NON_LITERAL_NULL_CONVERSION = YES;
				CLANG_WARN_OBJC_IMPLICIT_RETAIN_SELF = YES;
				CLANG_WARN_OBJC_LITERAL_CONVERSION = YES;
				CLANG_WARN_OBJC_ROOT_CLASS = YES_ERROR;
				CLANG_WARN_RANGE_LOOP_ANALYSIS = YES;
				CLANG_WARN_STRICT_PROTOTYPES = YES;
				CLANG_WARN_SUSPICIOUS_MOVE = YES;
				CLANG_WARN_UNGUARDED_AVAILABILITY = YES_AGGRESSIVE;
				CLANG_WARN_UNREACHABLE_CODE = YES;
				CLANG_WARN__DUPLICATE_METHOD_MATCH = YES;
				CODE_SIGN_IDENTITY = "iPhone Developer";
				COPY_PHASE_STRIP = NO;
				DEBUG_INFORMATION_FORMAT = "dwarf-with-dsym";
				ENABLE_NS_ASSERTIONS = NO;
				ENABLE_STRICT_OBJC_MSGSEND = YES;
				GCC_C_LANGUAGE_STANDARD = gnu11;
				GCC_NO_COMMON_BLOCKS = YES;
				GCC_WARN_64_TO_32_BIT_CONVERSION = YES;
				GCC_WARN_ABOUT_RETURN_TYPE = YES_ERROR;
				GCC_WARN_UNDECLARED_SELECTOR = YES;
				GCC_WARN_UNINITIALIZED_AUTOS = YES_AGGRESSIVE;
				GCC_WARN_UNUSED_FUNCTION = YES;
				GCC_WARN_UNUSED_VARIABLE = YES;
				IPHONEOS_DEPLOYMENT_TARGET = 12.4;
				MTL_ENABLE_DEBUG_INFO = NO;
				MTL_FAST_MATH = YES;
				SDKROOT = iphoneos;
				SWIFT_COMPILATION_MODE = wholemodule;
				SWIFT_OPTIMIZATION_LEVEL = "-O";
				VALIDATE_PRODUCT = YES;
			};
			name = Release;
		};
		04A1961A250610080037EEE2 /* Debug */ = {
			isa = XCBuildConfiguration;
			buildSettings = {
				ASSETCATALOG_COMPILER_APPICON_NAME = AppIcon;
				CODE_SIGN_STYLE = Automatic;
				DEVELOPMENT_TEAM = JF5JMTT72W;
				INFOPLIST_FILE = LetcodeDemo/Info.plist;
				LD_RUNPATH_SEARCH_PATHS = (
					"$(inherited)",
					"@executable_path/Frameworks",
				);
				PRODUCT_BUNDLE_IDENTIFIER = com.goodjobxjp.com.LetcodeDemo;
				PRODUCT_NAME = "$(TARGET_NAME)";
				SWIFT_VERSION = 5.0;
				TARGETED_DEVICE_FAMILY = "1,2";
			};
			name = Debug;
		};
		04A1961B250610080037EEE2 /* Release */ = {
			isa = XCBuildConfiguration;
			buildSettings = {
				ASSETCATALOG_COMPILER_APPICON_NAME = AppIcon;
				CODE_SIGN_STYLE = Automatic;
				DEVELOPMENT_TEAM = JF5JMTT72W;
				INFOPLIST_FILE = LetcodeDemo/Info.plist;
				LD_RUNPATH_SEARCH_PATHS = (
					"$(inherited)",
					"@executable_path/Frameworks",
				);
				PRODUCT_BUNDLE_IDENTIFIER = com.goodjobxjp.com.LetcodeDemo;
				PRODUCT_NAME = "$(TARGET_NAME)";
				SWIFT_VERSION = 5.0;
				TARGETED_DEVICE_FAMILY = "1,2";
			};
			name = Release;
		};
		04A1961D250610080037EEE2 /* Debug */ = {
			isa = XCBuildConfiguration;
			buildSettings = {
				ALWAYS_EMBED_SWIFT_STANDARD_LIBRARIES = YES;
				BUNDLE_LOADER = "$(TEST_HOST)";
				CODE_SIGN_STYLE = Automatic;
				DEVELOPMENT_TEAM = JF5JMTT72W;
				INFOPLIST_FILE = LetcodeDemoTests/Info.plist;
				LD_RUNPATH_SEARCH_PATHS = (
					"$(inherited)",
					"@executable_path/Frameworks",
					"@loader_path/Frameworks",
				);
				PRODUCT_BUNDLE_IDENTIFIER = com.goodjobxjp.com.LetcodeDemoTests;
				PRODUCT_NAME = "$(TARGET_NAME)";
				SWIFT_VERSION = 5.0;
				TARGETED_DEVICE_FAMILY = "1,2";
				TEST_HOST = "$(BUILT_PRODUCTS_DIR)/LetcodeDemo.app/LetcodeDemo";
			};
			name = Debug;
		};
		04A1961E250610080037EEE2 /* Release */ = {
			isa = XCBuildConfiguration;
			buildSettings = {
				ALWAYS_EMBED_SWIFT_STANDARD_LIBRARIES = YES;
				BUNDLE_LOADER = "$(TEST_HOST)";
				CODE_SIGN_STYLE = Automatic;
				DEVELOPMENT_TEAM = JF5JMTT72W;
				INFOPLIST_FILE = LetcodeDemoTests/Info.plist;
				LD_RUNPATH_SEARCH_PATHS = (
					"$(inherited)",
					"@executable_path/Frameworks",
					"@loader_path/Frameworks",
				);
				PRODUCT_BUNDLE_IDENTIFIER = com.goodjobxjp.com.LetcodeDemoTests;
				PRODUCT_NAME = "$(TARGET_NAME)";
				SWIFT_VERSION = 5.0;
				TARGETED_DEVICE_FAMILY = "1,2";
				TEST_HOST = "$(BUILT_PRODUCTS_DIR)/LetcodeDemo.app/LetcodeDemo";
			};
			name = Release;
		};
		04A19620250610080037EEE2 /* Debug */ = {
			isa = XCBuildConfiguration;
			buildSettings = {
				ALWAYS_EMBED_SWIFT_STANDARD_LIBRARIES = YES;
				CODE_SIGN_STYLE = Automatic;
				DEVELOPMENT_TEAM = JF5JMTT72W;
				INFOPLIST_FILE = LetcodeDemoUITests/Info.plist;
				LD_RUNPATH_SEARCH_PATHS = (
					"$(inherited)",
					"@executable_path/Frameworks",
					"@loader_path/Frameworks",
				);
				PRODUCT_BUNDLE_IDENTIFIER = com.goodjobxjp.com.LetcodeDemoUITests;
				PRODUCT_NAME = "$(TARGET_NAME)";
				SWIFT_VERSION = 5.0;
				TARGETED_DEVICE_FAMILY = "1,2";
				TEST_TARGET_NAME = LetcodeDemo;
			};
			name = Debug;
		};
		04A19621250610080037EEE2 /* Release */ = {
			isa = XCBuildConfiguration;
			buildSettings = {
				ALWAYS_EMBED_SWIFT_STANDARD_LIBRARIES = YES;
				CODE_SIGN_STYLE = Automatic;
				DEVELOPMENT_TEAM = JF5JMTT72W;
				INFOPLIST_FILE = LetcodeDemoUITests/Info.plist;
				LD_RUNPATH_SEARCH_PATHS = (
					"$(inherited)",
					"@executable_path/Frameworks",
					"@loader_path/Frameworks",
				);
				PRODUCT_BUNDLE_IDENTIFIER = com.goodjobxjp.com.LetcodeDemoUITests;
				PRODUCT_NAME = "$(TARGET_NAME)";
				SWIFT_VERSION = 5.0;
				TARGETED_DEVICE_FAMILY = "1,2";
				TEST_TARGET_NAME = LetcodeDemo;
			};
			name = Release;
		};
/* End XCBuildConfiguration section */

/* Begin XCConfigurationList section */
		04A195EC250610050037EEE2 /* Build configuration list for PBXProject "LetcodeDemo" */ = {
			isa = XCConfigurationList;
			buildConfigurations = (
				04A19617250610080037EEE2 /* Debug */,
				04A19618250610080037EEE2 /* Release */,
			);
			defaultConfigurationIsVisible = 0;
			defaultConfigurationName = Release;
		};
		04A19619250610080037EEE2 /* Build configuration list for PBXNativeTarget "LetcodeDemo" */ = {
			isa = XCConfigurationList;
			buildConfigurations = (
				04A1961A250610080037EEE2 /* Debug */,
				04A1961B250610080037EEE2 /* Release */,
			);
			defaultConfigurationIsVisible = 0;
			defaultConfigurationName = Release;
		};
		04A1961C250610080037EEE2 /* Build configuration list for PBXNativeTarget "LetcodeDemoTests" */ = {
			isa = XCConfigurationList;
			buildConfigurations = (
				04A1961D250610080037EEE2 /* Debug */,
				04A1961E250610080037EEE2 /* Release */,
			);
			defaultConfigurationIsVisible = 0;
			defaultConfigurationName = Release;
		};
		04A1961F250610080037EEE2 /* Build configuration list for PBXNativeTarget "LetcodeDemoUITests" */ = {
			isa = XCConfigurationList;
			buildConfigurations = (
				04A19620250610080037EEE2 /* Debug */,
				04A19621250610080037EEE2 /* Release */,
			);
			defaultConfigurationIsVisible = 0;
			defaultConfigurationName = Release;
		};
/* End XCConfigurationList section */
	};
	rootObject = 04A195E9250610050037EEE2 /* Project object */;
}
